
Microsoft Visual Studio Solution File, Format Version 12.00
Project("{FAE04EC0-301F-11D3-BF4B-00C04F79EFBC}") = "SelectiveRetextureBasedonGeneRecipe", "SelectiveRetextureBasedonGeneRecipe\SelectiveRetextureBasedonGeneRecipe.csproj", "{17E36D93-E674-4A74-866E-403956E0C5F0}"
EndProject
Global
	GlobalSection(SolutionConfigurationPlatforms) = preSolution
		Debug|Any CPU = Debug|Any CPU
		Release|Any CPU = Release|Any CPU
	EndGlobalSection
	GlobalSection(ProjectConfigurationPlatforms) = postSolution
		{17E36D93-E674-4A74-866E-403956E0C5F0}.Debug|Any CPU.ActiveCfg = Debug|Any CPU
		{17E36D93-E674-4A74-866E-403956E0C5F0}.Debug|Any CPU.Build.0 = Debug|Any CPU
		{17E36D93-E674-4A74-866E-403956E0C5F0}.Release|Any CPU.ActiveCfg = Release|Any CPU
		{17E36D93-E674-4A74-866E-403956E0C5F0}.Release|Any CPU.Build.0 = Release|Any CPU
	EndGlobalSection
EndGlobal
